
Microsoft Visual Studio Solution File, Format Version 12.00
# Visual Studio 15
VisualStudioVersion = 15.0.27703.2042
MinimumVisualStudioVersion = 10.0.40219.1
Project("{FAE04EC0-301F-11D3-BF4B-00C04F79EFBC}") = "WPFWebBrowserControl", "WPFWebBrowserControl\WPFWebBrowserControl.csproj", "{2999B519-6B7D-4A43-A9D1-325B447E5319}"
EndProject
Global
	GlobalSection(SolutionConfigurationPlatforms) = preSolution
		Debug|Any CPU = Debug|Any CPU
		Release|Any CPU = Release|Any CPU
	EndGlobalSection
	GlobalSection(ProjectConfigurationPlatforms) = postSolution
		{2999B519-6B7D-4A43-A9D1-325B447E5319}.Debug|Any CPU.ActiveCfg = Debug|Any CPU
		{2999B519-6B7D-4A43-A9D1-325B447E5319}.Debug|Any CPU.Build.0 = Debug|Any CPU
		{2999B519-6B7D-4A43-A9D1-325B447E5319}.Release|Any CPU.ActiveCfg = Release|Any CPU
		{2999B519-6B7D-4A43-A9D1-325B447E5319}.Release|Any CPU.Build.0 = Release|Any CPU
	EndGlobalSection
	GlobalSection(SolutionProperties) = preSolution
		HideSolutionNode = FALSE
	EndGlobalSection
	GlobalSection(ExtensibilityGlobals) = postSolution
		SolutionGuid = {6871A645-D22E-4BE8-8A85-D946F3AF7B05}
	EndGlobalSection
EndGlobal
