
Microsoft Visual Studio Solution File, Format Version 12.00
# Visual Studio 15
VisualStudioVersion = 15.0.27703.2042
MinimumVisualStudioVersion = 10.0.40219.1
Project("{FAE04EC0-301F-11D3-BF4B-00C04F79EFBC}") = "Skin Support", "Skin Support\Skin Support.csproj", "{7BF17D50-2057-4144-9CDF-B4359B1C43A2}"
EndProject
Global
	GlobalSection(SolutionConfigurationPlatforms) = preSolution
		Debug|Any CPU = Debug|Any CPU
		Release|Any CPU = Release|Any CPU
	EndGlobalSection
	GlobalSection(ProjectConfigurationPlatforms) = postSolution
		{7BF17D50-2057-4144-9CDF-B4359B1C43A2}.Debug|Any CPU.ActiveCfg = Debug|Any CPU
		{7BF17D50-2057-4144-9CDF-B4359B1C43A2}.Debug|Any CPU.Build.0 = Debug|Any CPU
		{7BF17D50-2057-4144-9CDF-B4359B1C43A2}.Release|Any CPU.ActiveCfg = Release|Any CPU
		{7BF17D50-2057-4144-9CDF-B4359B1C43A2}.Release|Any CPU.Build.0 = Release|Any CPU
	EndGlobalSection
	GlobalSection(SolutionProperties) = preSolution
		HideSolutionNode = FALSE
	EndGlobalSection
	GlobalSection(ExtensibilityGlobals) = postSolution
		SolutionGuid = {806E9D31-9251-4C91-81F3-5B9D820C3C54}
	EndGlobalSection
EndGlobal
