
Microsoft Visual Studio Solution File, Format Version 12.00
# Visual Studio 15
VisualStudioVersion = 15.0.27703.2042
MinimumVisualStudioVersion = 10.0.40219.1
Project("{FAE04EC0-301F-11D3-BF4B-00C04F79EFBC}") = "Types_Of_Windows", "Types_Of_Windows\Types_Of_Windows.csproj", "{29772B7F-5212-4FDF-998A-017D7BF152ED}"
EndProject
Global
	GlobalSection(SolutionConfigurationPlatforms) = preSolution
		Debug|Any CPU = Debug|Any CPU
		Release|Any CPU = Release|Any CPU
	EndGlobalSection
	GlobalSection(ProjectConfigurationPlatforms) = postSolution
		{29772B7F-5212-4FDF-998A-017D7BF152ED}.Debug|Any CPU.ActiveCfg = Debug|Any CPU
		{29772B7F-5212-4FDF-998A-017D7BF152ED}.Debug|Any CPU.Build.0 = Debug|Any CPU
		{29772B7F-5212-4FDF-998A-017D7BF152ED}.Release|Any CPU.ActiveCfg = Release|Any CPU
		{29772B7F-5212-4FDF-998A-017D7BF152ED}.Release|Any CPU.Build.0 = Release|Any CPU
	EndGlobalSection
	GlobalSection(SolutionProperties) = preSolution
		HideSolutionNode = FALSE
	EndGlobalSection
	GlobalSection(ExtensibilityGlobals) = postSolution
		SolutionGuid = {8C670B22-7EC1-47E2-B0AB-0F867439BCCE}
	EndGlobalSection
EndGlobal
